github.com/Microsoft/go-winio v0.4.14 h1:+hMXMk01us9KgxGb7ftKQt2Xpf5hH/yky+TDA+qxleU=
github.com/Microsoft/go-winio v0.4.14/go.mod h1:qXqCSQ3Xa7+6tgxaGTIe4Kpcdsi+P8jBhyzoq1bpyYA=
github.com/davecgh/go-spew v1.1.0/go.mod h1:J7Y8YcW2NihsgmVo/mv3lAwl/skON4iLHjSsI+c5H38=
github.com/davecgh/go-spew v1.1.1-0.20171005155431-ecdeabc65495 h1:b2hEFhj0PgDc77eCeDUSKXynIoXJRt6yTZ8aMk2cPoI=
github.com/davecgh/go-spew v1.1.1-0.20171005155431-ecdeabc65495/go.mod h1:J7Y8YcW2NihsgmVo/mv3lAwl/skON4iLHjSsI+c5H38=
github.com/davecgh/go-spew v1.1.1 h1:vj9j/u1bqnvCEfJOwUhtlOARqs3+rkHYY13jYWTU97c=
github.com/davecgh/go-spew v1.1.1/go.mod h1:J7Y8YcW2NihsgmVo/mv3lAwl/skON4iLHjSsI+c5H38=
github.com/docker/distribution v2.6.0-rc.1.0.20170929205102-bb49a1685d27+incompatible h1:Q8A10aaq9hgdo8AyfWN+iYolHbMZBrIeSonbNn/1qow=
github.com/docker/distribution v2.6.0-rc.1.0.20170929205102-bb49a1685d27+incompatible/go.mod h1:J2gT2udsDAN96Uj4KfcMRqY0/ypR+oyYUYmja8H+y+w=
github.com/docker/docker v1.13.1 h1:IkZjBSIc8hBjLpqeAbeE5mca5mNgeatLHBy3GO78BWo=
github.com/docker/docker v1.13.1/go.mod h1:eEKB0N0r5NX/I1kEveEz05bcu8tLC/8azJZsviup8Sk=
github.com/docker/engine-api v0.4.1-0.20160908232104-4290f40c0566 h1:S02HakxupRs+HZdHv6qfFfb6EDK+VZApNTYmVFppg7I=
github.com/docker/engine-api v0.4.1-0.20160908232104-4290f40c0566/go.mod h1:xtQCpzf4YysNZCVFfIGIm7qfLvYbxtLkEVVfKhTVOvw=
github.com/docker/go-connections v0.3.0 h1:3lOnM9cSzgGwx8VfK/NGOW5fLQ0GjIlCkaktF+n1M6o=
github.com/docker/go-connections v0.3.0/go.mod h1:Gbd7IOopHjR8Iph03tsViu4nIes5XhDvyHbTtUxmeec=
github.com/docker/go-units v0.3.2 h1:Kjm80apys7gTtfVmCvVY8gwu10uofaFSrmAKOVrtueE=
github.com/docker/go-units v0.3.2/go.mod h1:fgPhTUdO+D/Jk86RDLlptpiXQzgHJF7gydDDbaIK4Dk=
github.com/go-resty/resty v0.4.2-0.20170925192930-9ac9c42358f7 h1:mzUFOplJ2RhSqrbKWLCYWxlAc5gVFY9cKIeVzZO6KVM=
github.com/go-resty/resty v0.4.2-0.20170925192930-9ac9c42358f7/go.mod h1:xMECeum3O2uZ1/noW5020CuR+OfNI3xjv3MVVCNVGYI=
github.com/hashicorp/golang-lru v0.0.0-20160813221303-0a025b7e63ad h1:eMxs9EL0PvIGS9TTtxg4R+JxuPGav82J8rA+GFnY7po=
github.com/hashicorp/golang-lru v0.0.0-20160813221303-0a025b7e63ad/go.mod h1:/m3WP610KZHVQ1SGc6re/UDhFvYD7pJ4Ao+sR/qLZy8=
github.com/konsorten/go-windows-terminal-sequences v1.0.1/go.mod h1:T0+1ngSBFLxvqU3pZ+m/2kptfBszLMUkC4ZK/EgS/cQ=
github.com/mageddo/go-httpmap v0.0.0-20180506172318-51aa467628f6 h1:qbo1ljZdOKgs1eSOvI7dnYXVmTXmvbizo0vK1RisbGo=
github.com/mageddo/go-httpmap v0.0.0-20180506172318-51aa467628f6/go.mod h1:qf6XZm2v0tEox+fpBE5h76elbNnCgrlyZN7s57DVfBA=
github.com/mageddo/go-logging v0.0.0-20190919023652-00f1d8a55010 h1:GGithjDveQyHA8Bq9nQokYQ5NqB6X4K9sHYsfDwB3ZY=
github.com/mageddo/go-logging v0.0.0-20190919023652-00f1d8a55010/go.mod h1:7uu8SHATxWWnQ4MMN0RiIF/ubpSr/iC9ZtHfZol/2vY=
github.com/miekg/dns v0.0.0-20170930185408-946bd9fbed05 h1:TZun4sDvF7QJRspUtk8FxztZ8fqVQ8oUKH+A0EOhmlY=
github.com/miekg/dns v0.0.0-20170930185408-946bd9fbed05/go.mod h1:W1PPwlIAgtquWBMBEV9nkV9Cazfe8ScdGz/Lj7v3Nrg=
github.com/opencontainers/go-digest v1.0.0-rc1 h1:WzifXhOVOEOuFYOJAW6aQqW0TooG2iki3E3Ii+WN7gQ=
github.com/opencontainers/go-digest v1.0.0-rc1/go.mod h1:cMLVZDEM3+U2I4VmLI6N8jQYUd2OVphdqWwCJHrFt2s=
github.com/pkg/errors v0.8.1-0.20170910134614-2b3a18b5f0fb h1:CKWls8QOVQs/qmuUuGOeHMpIqSx6f9S72udJ48vEeKo=
github.com/pkg/errors v0.8.1-0.20170910134614-2b3a18b5f0fb/go.mod h1:bwawxfHBFNV+L2hUp1rHADufV3IMtnDRdf1r5NINEl0=
github.com/pkg/errors v0.8.1 h1:iURUrRGxPUNPdy5/HRSm+Yj6okJ6UtLINN0Q9M4+h3I=
github.com/pkg/errors v0.8.1/go.mod h1:bwawxfHBFNV+L2hUp1rHADufV3IMtnDRdf1r5NINEl0=
github.com/pmezard/go-difflib v1.0.0 h1:4DBwDE0NGyQoBHbLQYPwSUPoCMWR5BEzIk/f1lZbAQM=
github.com/pmezard/go-difflib v1.0.0/go.mod h1:iKH77koFhYxTK1pcRnkKkqfTogsbg7gZNVY4sRDYZ/4=
github.com/sirupsen/logrus v1.4.1/go.mod h1:ni0Sbl8bgC9z8RoU9G6nDWqqs/fq4eDPysMBDgk/93Q=
github.com/stretchr/objx v0.0.0-20150928122152-1a9d0bb9f541/go.mod h1:HFkY916IF+rwdDfMAkV7OtwuqBVzrE8GR6GFx+wExME=
github.com/stretchr/objx v0.1.0 h1:4G4v2dO3VZwixGIRoQ5Lfboy6nUhCyYzaqnIAPPhYs4=
github.com/stretchr/objx v0.1.0/go.mod h1:HFkY916IF+rwdDfMAkV7OtwuqBVzrE8GR6GFx+wExME=
github.com/stretchr/objx v0.1.1 h1:2vfRuCMp5sSVIDSqO8oNnWJq7mPa6KVP3iPIwFBuy8A=
github.com/stretchr/objx v0.1.1/go.mod h1:HFkY916IF+rwdDfMAkV7OtwuqBVzrE8GR6GFx+wExME=
github.com/stretchr/testify v1.2.2/go.mod h1:a8OnRcib4nhh0OaRAV+Yts87kKdq0PP7pXfy6kDkUVs=
github.com/stretchr/testify v1.4.1-0.20190904163530-85f2b59c4459 h1:QxRTTI3zEzHS/l6/nGubGnZYZ/7C/HeWOKT36oFSrgM=
github.com/stretchr/testify v1.4.1-0.20190904163530-85f2b59c4459/go.mod h1:j7eGeouHqKxXV5pUuKE4zz7dFj8WfuZ+81PSLYec5m4=
golang.org/x/net v0.0.0-20171004034648-a04bdaca5b32 h1:NjAulLPqFTaOxQu5S4qUMqscSu+mQdu+wMY0nfqSkuk=
golang.org/x/net v0.0.0-20171004034648-a04bdaca5b32/go.mod h1:mL1N/T3taQHkDXs73rZJwtUhF3w3ftmwwsq0BUmARs4=
golang.org/x/sys v0.0.0-20180905080454-ebe1bf3edb33/go.mod h1:STP8DvDyc/dI5b8T5hshtkjS+E42TnysNCUPdjciGhY=
golang.org/x/sys v0.0.0-20190507160741-ecd444e8653b h1:ag/x1USPSsqHud38I9BAC88qdNLDHHtQ4mlgQIZPPNA=
golang.org/x/sys v0.0.0-20190507160741-ecd444e8653b/go.mod h1:h1NjWce9XRLGQEsW7wpKNCjG9DtNlClVuFLEZdDNbEs=
golang.org/x/text v0.1.1-0.20171013141220-c01e4764d870/go.mod h1:NqM8EUOU14njkJ3fqMW+pc6Ldnwhi/IjpwHt7yyuwOQ=
gopkg.in/check.v1 v0.0.0-20161208181325-20d25e280405/go.mod h1:Co6ibVJAznAaIkqp8huTwlJQCZ016jof/cbN4VW5Yz0=
gopkg.in/yaml.v2 v2.2.2 h1:ZCJp+EgiOT7lHqUV2J862kp8Qj64Jo6az82+3Td9dZw=
gopkg.in/yaml.v2 v2.2.2/go.mod h1:hI93XBmqTisBFMUTm0b8Fm+jr3Dg1NNxqwp+5A1VGuI=
